schema: '2.0'
stages:
  training:
    cmd: python src/pipeline/training_pipeline.py
    deps:
    - path: src/components/data_ingestion.py
      hash: md5
      md5: b8bfc89687f089e53d22a63a8f20e398
      size: 4857
    - path: src/components/data_transformation.py
      hash: md5
      md5: eb8064476bf5e0bb6aa46a8db69e3cbf
      size: 4097
    - path: src/components/model_evaluation.py
      hash: md5
      md5: 406ea98583bfd54e5e19f176f50eea49
      size: 8746
    - path: src/components/model_trainer.py
      hash: md5
      md5: 40ddb865cfe32b93c32bdcc98a4875e2
      size: 3806
    - path: src/pipeline/training_pipeline.py
      hash: md5
      md5: 0a46f2cf308e264001f29b59887bba24
      size: 6122
    outs:
    - path: artifact/model.pkl
      hash: md5
      md5: a4b0f0c16a8a0f5d425d324248868bd2
      size: 826
    - path: artifact/preprocessor.pkl
      hash: md5
      md5: e8a266ea67a50f675eaf7fbf9f04d55e
      size: 3103
    - path: artifact/raw.csv
      hash: md5
      md5: b4bc0bfd2f2747e9caae7f07c6e06d90
      size: 83691
    - path: artifact/test.csv
      hash: md5
      md5: 9a46848f7a78cfbbe7a09d51a2a2ce2b
      size: 16808
    - path: artifact/train.csv
      hash: md5
      md5: 4145b464ad8faa9febd000c2248f5255
      size: 66999
